
Microsoft Visual Studio Solution File, Format Version 12.00
# Visual Studio Version 16
VisualStudioVersion = 16.0.29613.14
MinimumVisualStudioVersion = 10.0.40219.1
Project("{FAE04EC0-301F-11D3-BF4B-00C04F79EFBC}") = "ConsoleAppIQO2", "ConsoleAppIQO2\ConsoleAppIQO2.csproj", "{F118BBA8-CE89-4EA6-8889-F9A520847B0D}"
EndProject
Global
	GlobalSection(SolutionConfigurationPlatforms) = preSolution
		Debug|Any CPU = Debug|Any CPU
		Release|Any CPU = Release|Any CPU
	EndGlobalSection
	GlobalSection(ProjectConfigurationPlatforms) = postSolution
		{F118BBA8-CE89-4EA6-8889-F9A520847B0D}.Debug|Any CPU.ActiveCfg = Debug|Any CPU
		{F118BBA8-CE89-4EA6-8889-F9A520847B0D}.Debug|Any CPU.Build.0 = Debug|Any CPU
		{F118BBA8-CE89-4EA6-8889-F9A520847B0D}.Release|Any CPU.ActiveCfg = Release|Any CPU
		{F118BBA8-CE89-4EA6-8889-F9A520847B0D}.Release|Any CPU.Build.0 = Release|Any CPU
	EndGlobalSection
	GlobalSection(SolutionProperties) = preSolution
		HideSolutionNode = FALSE
	EndGlobalSection
	GlobalSection(ExtensibilityGlobals) = postSolution
		SolutionGuid = {90EF8B0E-A7AA-4E06-8479-28A8C26A791E}
	EndGlobalSection
EndGlobal
